// !$*UTF8*$!
{
	archiveVersion = 1;
	classes = {
	};
	objectVersion = 46;
	objects = {

/* Begin PBXBuildFile section */
		A39D1C7917A47E1F001E9CF3 /* UIKit.framework in Frameworks */ = {isa = PBXBuildFile; fileRef = A39D1C7817A47E1F001E9CF3 /* UIKit.framework */; };
		A39D1C7B17A47E1F001E9CF3 /* Foundation.framework in Frameworks */ = {isa = PBXBuildFile; fileRef = A39D1C7A17A47E1F001E9CF3 /* Foundation.framework */; };
		A39D1C7D17A47E1F001E9CF3 /* CoreGraphics.framework in Frameworks */ = {isa = PBXBuildFile; fileRef = A39D1C7C17A47E1F001E9CF3 /* CoreGraphics.framework */; };
		A39D1C8317A47E1F001E9CF3 /* InfoPlist.strings in Resources */ = {isa = PBXBuildFile; fileRef = A39D1C8117A47E1F001E9CF3 /* InfoPlist.strings */; };
		A39D1C8517A47E1F001E9CF3 /* main.m in Sources */ = {isa = PBXBuildFile; fileRef = A39D1C8417A47E1F001E9CF3 /* main.m */; };
		A39D1C8917A47E1F001E9CF3 /* AppDelegate.m in Sources */ = {isa = PBXBuildFile; fileRef = A39D1C8817A47E1F001E9CF3 /* AppDelegate.m */; };
		A39D1C8B17A47E1F001E9CF3 /* Default.png in Resources */ = {isa = PBXBuildFile; fileRef = A39D1C8A17A47E1F001E9CF3 /* Default.png */; };
		A39D1C8D17A47E1F001E9CF3 /* Default@2x.png in Resources */ = {isa = PBXBuildFile; fileRef = A39D1C8C17A47E1F001E9CF3 /* Default@2x.png */; };
		A39D1C8F17A47E1F001E9CF3 /* Default-568h@2x.png in Resources */ = {isa = PBXBuildFile; fileRef = A39D1C8E17A47E1F001E9CF3 /* Default-568h@2x.png */; };
		A39D1C9217A47E1F001E9CF3 /* MainStoryboard.storyboard in Resources */ = {isa = PBXBuildFile; fileRef = A39D1C9017A47E1F001E9CF3 /* MainStoryboard.storyboard */; };
		A39D1C9517A47E1F001E9CF3 /* ViewController.m in Sources */ = {isa = PBXBuildFile; fileRef = A39D1C9417A47E1F001E9CF3 /* ViewController.m */; };
		A39D1C9D17A47E1F001E9CF3 /* SenTestingKit.framework in Frameworks */ = {isa = PBXBuildFile; fileRef = A39D1C9C17A47E1F001E9CF3 /* SenTestingKit.framework */; };
		A39D1C9E17A47E1F001E9CF3 /* UIKit.framework in Frameworks */ = {isa = PBXBuildFile; fileRef = A39D1C7817A47E1F001E9CF3 /* UIKit.framework */; };
		A39D1C9F17A47E1F001E9CF3 /* Foundation.framework in Frameworks */ = {isa = PBXBuildFile; fileRef = A39D1C7A17A47E1F001E9CF3 /* Foundation.framework */; };
		A39D1CA717A47E1F001E9CF3 /* InfoPlist.strings in Resources */ = {isa = PBXBuildFile; fileRef = A39D1CA517A47E1F001E9CF3 /* InfoPlist.strings */; };
		A39D1CAA17A47E1F001E9CF3 /* YahooRssReaderTests.m in Sources */ = {isa = PBXBuildFile; fileRef = A39D1CA917A47E1F001E9CF3 /* YahooRssReaderTests.m */; };
		A39D1CC917A47E97001E9CF3 /* AFHTTPClient.m in Sources */ = {isa = PBXBuildFile; fileRef = A39D1CB517A47E97001E9CF3 /* AFHTTPClient.m */; };
		A39D1CCA17A47E97001E9CF3 /* AFHTTPRequestOperation.m in Sources */ = {isa = PBXBuildFile; fileRef = A39D1CB717A47E97001E9CF3 /* AFHTTPRequestOperation.m */; };
		A39D1CCB17A47E97001E9CF3 /* AFImageRequestOperation.m in Sources */ = {isa = PBXBuildFile; fileRef = A39D1CB917A47E97001E9CF3 /* AFImageRequestOperation.m */; };
		A39D1CCC17A47E97001E9CF3 /* AFJSONRequestOperation.m in Sources */ = {isa = PBXBuildFile; fileRef = A39D1CBB17A47E97001E9CF3 /* AFJSONRequestOperation.m */; };
		A39D1CCD17A47E97001E9CF3 /* AFNetworkActivityIndicatorManager.m in Sources */ = {isa = PBXBuildFile; fileRef = A39D1CBD17A47E97001E9CF3 /* AFNetworkActivityIndicatorManager.m */; };
		A39D1CCE17A47E97001E9CF3 /* AFPropertyListRequestOperation.m in Sources */ = {isa = PBXBuildFile; fileRef = A39D1CC017A47E97001E9CF3 /* AFPropertyListRequestOperation.m */; };
		A39D1CCF17A47E97001E9CF3 /* AFURLConnectionOperation.m in Sources */ = {isa = PBXBuildFile; fileRef = A39D1CC217A47E97001E9CF3 /* AFURLConnectionOperation.m */; };
		A39D1CD017A47E97001E9CF3 /* AFXMLRequestOperation.m in Sources */ = {isa = PBXBuildFile; fileRef = A39D1CC417A47E97001E9CF3 /* AFXMLRequestOperation.m */; };
		A39D1CD117A47E97001E9CF3 /* TFNetwork.m in Sources */ = {isa = PBXBuildFile; fileRef = A39D1CC617A47E97001E9CF3 /* TFNetwork.m */; };
		A39D1CD217A47E97001E9CF3 /* UIImageView+AFNetworking.m in Sources */ = {isa = PBXBuildFile; fileRef = A39D1CC817A47E97001E9CF3 /* UIImageView+AFNetworking.m */; };
		A39D1CDA17A47F4B001E9CF3 /* Entry.m in Sources */ = {isa = PBXBuildFile; fileRef = A39D1CD517A47F4B001E9CF3 /* Entry.m */; };
		A39D1CDB17A47F4B001E9CF3 /* TFStrings.m in Sources */ = {isa = PBXBuildFile; fileRef = A39D1CD717A47F4B001E9CF3 /* TFStrings.m */; };
		A39D1CDC17A47F4B001E9CF3 /* XMLDictionary.m in Sources */ = {isa = PBXBuildFile; fileRef = A39D1CD917A47F4B001E9CF3 /* XMLDictionary.m */; };
		A39D1CE017A47FA0001E9CF3 /* Parser.m in Sources */ = {isa = PBXBuildFile; fileRef = A39D1CDF17A47FA0001E9CF3 /* Parser.m */; };
		A39D1CE317A4887D001E9CF3 /* MBProgressHUD.m in Sources */ = {isa = PBXBuildFile; fileRef = A39D1CE217A4887D001E9CF3 /* MBProgressHUD.m */; };
		A39D1CE717A495F4001E9CF3 /* Regex.m in Sources */ = {isa = PBXBuildFile; fileRef = A39D1CE617A495F4001E9CF3 /* Regex.m */; };
		A39D1CEA17A4B0F4001E9CF3 /* RssCell.xib in Resources */ = {isa = PBXBuildFile; fileRef = A39D1CE917A4B0F4001E9CF3 /* RssCell.xib */; };
		A39D1CED17A4B143001E9CF3 /* RssCellCL.m in Sources */ = {isa = PBXBuildFile; fileRef = A39D1CEC17A4B143001E9CF3 /* RssCellCL.m */; };
/* End PBXBuildFile section */

/* Begin PBXContainerItemProxy section */
		A39D1CA017A47E1F001E9CF3 /* PBXContainerItemProxy */ = {
			isa = PBXContainerItemProxy;
			containerPortal = A39D1C6D17A47E1F001E9CF3 /* Project object */;
			proxyType = 1;
			remoteGlobalIDString = A39D1C7417A47E1F001E9CF3;
			remoteInfo = YahooRssReader;
		};
/* End PBXContainerItemProxy section */

/* Begin PBXFileReference section */
		A39D1C7517A47E1F001E9CF3 /* YahooRssReader.app */ = {isa = PBXFileReference; explicitFileType = wrapper.application; includeInIndex = 0; path = YahooRssReader.app; sourceTree = BUILT_PRODUCTS_DIR; };
		A39D1C7817A47E1F001E9CF3 /* UIKit.framework */ = {isa = PBXFileReference; lastKnownFileType = wrapper.framework; name = UIKit.framework; path = System/Library/Frameworks/UIKit.framework; sourceTree = SDKROOT; };
		A39D1C7A17A47E1F001E9CF3 /* Foundation.framework */ = {isa = PBXFileReference; lastKnownFileType = wrapper.framework; name = Foundation.framework; path = System/Library/Frameworks/Foundation.framework; sourceTree = SDKROOT; };
		A39D1C7C17A47E1F001E9CF3 /* CoreGraphics.framework */ = {isa = PBXFileReference; lastKnownFileType = wrapper.framework; name = CoreGraphics.framework; path = System/Library/Frameworks/CoreGraphics.framework; sourceTree = SDKROOT; };
		A39D1C8017A47E1F001E9CF3 /* YahooRssReader-Info.plist */ = {isa = PBXFileReference; lastKnownFileType = text.plist.xml; path = "YahooRssReader-Info.plist"; sourceTree = "<group>"; };
		A39D1C8217A47E1F001E9CF3 /* en */ = {isa = PBXFileReference; lastKnownFileType = text.plist.strings; name = en; path = en.lproj/InfoPlist.strings; sourceTree = "<group>"; };
		A39D1C8417A47E1F001E9CF3 /* main.m */ = {isa = PBXFileReference; lastKnownFileType = sourcecode.c.objc; path = main.m; sourceTree = "<group>"; };
		A39D1C8617A47E1F001E9CF3 /* YahooRssReader-Prefix.pch */ = {isa = PBXFileReference; lastKnownFileType = sourcecode.c.h; path = "YahooRssReader-Prefix.pch"; sourceTree = "<group>"; };
		A39D1C8717A47E1F001E9CF3 /* AppDelegate.h */ = {isa = PBXFileReference; lastKnownFileType = sourcecode.c.h; path = AppDelegate.h; sourceTree = "<group>"; };
		A39D1C8817A47E1F001E9CF3 /* AppDelegate.m */ = {isa = PBXFileReference; lastKnownFileType = sourcecode.c.objc; path = AppDelegate.m; sourceTree = "<group>"; };
		A39D1C8A17A47E1F001E9CF3 /* Default.png */ = {isa = PBXFileReference; lastKnownFileType = image.png; path = Default.png; sourceTree = "<group>"; };
		A39D1C8C17A47E1F001E9CF3 /* Default@2x.png */ = {isa = PBXFileReference; lastKnownFileType = image.png; path = "Default@2x.png"; sourceTree = "<group>"; };
		A39D1C8E17A47E1F001E9CF3 /* Default-568h@2x.png */ = {isa = PBXFileReference; lastKnownFileType = image.png; path = "Default-568h@2x.png"; sourceTree = "<group>"; };
		A39D1C9117A47E1F001E9CF3 /* en */ = {isa = PBXFileReference; lastKnownFileType = file.storyboard; name = en; path = en.lproj/MainStoryboard.storyboard; sourceTree = "<group>"; };
		A39D1C9317A47E1F001E9CF3 /* ViewController.h */ = {isa = PBXFileReference; lastKnownFileType = sourcecode.c.h; path = ViewController.h; sourceTree = "<group>"; };
		A39D1C9417A47E1F001E9CF3 /* ViewController.m */ = {isa = PBXFileReference; lastKnownFileType = sourcecode.c.objc; path = ViewController.m; sourceTree = "<group>"; };
		A39D1C9B17A47E1F001E9CF3 /* YahooRssReaderTests.octest */ = {isa = PBXFileReference; explicitFileType = wrapper.cfbundle; includeInIndex = 0; path = YahooRssReaderTests.octest; sourceTree = BUILT_PRODUCTS_DIR; };
		A39D1C9C17A47E1F001E9CF3 /* SenTestingKit.framework */ = {isa = PBXFileReference; lastKnownFileType = wrapper.framework; name = SenTestingKit.framework; path = Library/Frameworks/SenTestingKit.framework; sourceTree = DEVELOPER_DIR; };
		A39D1CA417A47E1F001E9CF3 /* YahooRssReaderTests-Info.plist */ = {isa = PBXFileReference; lastKnownFileType = text.plist.xml; path = "YahooRssReaderTests-Info.plist"; sourceTree = "<group>"; };
		A39D1CA617A47E1F001E9CF3 /* en */ = {isa = PBXFileReference; lastKnownFileType = text.plist.strings; name = en; path = en.lproj/InfoPlist.strings; sourceTree = "<group>"; };
		A39D1CA817A47E1F001E9CF3 /* YahooRssReaderTests.h */ = {isa = PBXFileReference; lastKnownFileType = sourcecode.c.h; path = YahooRssReaderTests.h; sourceTree = "<group>"; };
		A39D1CA917A47E1F001E9CF3 /* YahooRssReaderTests.m */ = {isa = PBXFileReference; lastKnownFileType = sourcecode.c.objc; path = YahooRssReaderTests.m; sourceTree = "<group>"; };
		A39D1CB417A47E97001E9CF3 /* AFHTTPClient.h */ = {isa = PBXFileReference; fileEncoding = 4; lastKnownFileType = sourcecode.c.h; path = AFHTTPClient.h; sourceTree = "<group>"; };
		A39D1CB517A47E97001E9CF3 /* AFHTTPClient.m */ = {isa = PBXFileReference; fileEncoding = 4; lastKnownFileType = sourcecode.c.objc; path = AFHTTPClient.m; sourceTree = "<group>"; };
		A39D1CB617A47E97001E9CF3 /* AFHTTPRequestOperation.h */ = {isa = PBXFileReference; fileEncoding = 4; lastKnownFileType = sourcecode.c.h; path = AFHTTPRequestOperation.h; sourceTree = "<group>"; };
		A39D1CB717A47E97001E9CF3 /* AFHTTPRequestOperation.m */ = {isa = PBXFileReference; fileEncoding = 4; lastKnownFileType = sourcecode.c.objc; path = AFHTTPRequestOperation.m; sourceTree = "<group>"; };
		A39D1CB817A47E97001E9CF3 /* AFImageRequestOperation.h */ = {isa = PBXFileReference; fileEncoding = 4; lastKnownFileType = sourcecode.c.h; path = AFImageRequestOperation.h; sourceTree = "<group>"; };
		A39D1CB917A47E97001E9CF3 /* AFImageRequestOperation.m */ = {isa = PBXFileReference; fileEncoding = 4; lastKnownFileType = sourcecode.c.objc; path = AFImageRequestOperation.m; sourceTree = "<group>"; };
		A39D1CBA17A47E97001E9CF3 /* AFJSONRequestOperation.h */ = {isa = PBXFileReference; fileEncoding = 4; lastKnownFileType = sourcecode.c.h; path = AFJSONRequestOperation.h; sourceTree = "<group>"; };
		A39D1CBB17A47E97001E9CF3 /* AFJSONRequestOperation.m */ = {isa = PBXFileReference; fileEncoding = 4; lastKnownFileType = sourcecode.c.objc; path = AFJSONRequestOperation.m; sourceTree = "<group>"; };
		A39D1CBC17A47E97001E9CF3 /* AFNetworkActivityIndicatorManager.h */ = {isa = PBXFileReference; fileEncoding = 4; lastKnownFileType = sourcecode.c.h; path = AFNetworkActivityIndicatorManager.h; sourceTree = "<group>"; };
		A39D1CBD17A47E97001E9CF3 /* AFNetworkActivityIndicatorManager.m */ = {isa = PBXFileReference; fileEncoding = 4; lastKnownFileType = sourcecode.c.objc; path = AFNetworkActivityIndicatorManager.m; sourceTree = "<group>"; };
		A39D1CBE17A47E97001E9CF3 /* AFNetworking.h */ = {isa = PBXFileReference; fileEncoding = 4; lastKnownFileType = sourcecode.c.h; path = AFNetworking.h; sourceTree = "<group>"; };
		A39D1CBF17A47E97001E9CF3 /* AFPropertyListRequestOperation.h */ = {isa = PBXFileReference; fileEncoding = 4; lastKnownFileType = sourcecode.c.h; path = AFPropertyListRequestOperation.h; sourceTree = "<group>"; };
		A39D1CC017A47E97001E9CF3 /* AFPropertyListRequestOperation.m */ = {isa = PBXFileReference; fileEncoding = 4; lastKnownFileType = sourcecode.c.objc; path = AFPropertyListRequestOperation.m; sourceTree = "<group>"; };
		A39D1CC117A47E97001E9CF3 /* AFURLConnectionOperation.h */ = {isa = PBXFileReference; fileEncoding = 4; lastKnownFileType = sourcecode.c.h; path = AFURLConnectionOperation.h; sourceTree = "<group>"; };
		A39D1CC217A47E97001E9CF3 /* AFURLConnectionOperation.m */ = {isa = PBXFileReference; fileEncoding = 4; lastKnownFileType = sourcecode.c.objc; path = AFURLConnectionOperation.m; sourceTree = "<group>"; };
		A39D1CC317A47E97001E9CF3 /* AFXMLRequestOperation.h */ = {isa = PBXFileReference; fileEncoding = 4; lastKnownFileType = sourcecode.c.h; path = AFXMLRequestOperation.h; sourceTree = "<group>"; };
		A39D1CC417A47E97001E9CF3 /* AFXMLRequestOperation.m */ = {isa = PBXFileReference; fileEncoding = 4; lastKnownFileType = sourcecode.c.objc; path = AFXMLRequestOperation.m; sourceTree = "<group>"; };
		A39D1CC517A47E97001E9CF3 /* TFNetwork.h */ = {isa = PBXFileReference; fileEncoding = 4; lastKnownFileType = sourcecode.c.h; path = TFNetwork.h; sourceTree = "<group>"; };
		A39D1CC617A47E97001E9CF3 /* TFNetwork.m */ = {isa = PBXFileReference; fileEncoding = 4; lastKnownFileType = sourcecode.c.objc; path = TFNetwork.m; sourceTree = "<group>"; };
		A39D1CC717A47E97001E9CF3 /* UIImageView+AFNetworking.h */ = {isa = PBXFileReference; fileEncoding = 4; lastKnownFileType = sourcecode.c.h; path = "UIImageView+AFNetworking.h"; sourceTree = "<group>"; };
		A39D1CC817A47E97001E9CF3 /* UIImageView+AFNetworking.m */ = {isa = PBXFileReference; fileEncoding = 4; lastKnownFileType = sourcecode.c.objc; path = "UIImageView+AFNetworking.m"; sourceTree = "<group>"; };
		A39D1CD417A47F4B001E9CF3 /* Entry.h */ = {isa = PBXFileReference; fileEncoding = 4; lastKnownFileType = sourcecode.c.h; path = Entry.h; sourceTree = "<group>"; };
		A39D1CD517A47F4B001E9CF3 /* Entry.m */ = {isa = PBXFileReference; fileEncoding = 4; lastKnownFileType = sourcecode.c.objc; path = Entry.m; sourceTree = "<group>"; };
		A39D1CD617A47F4B001E9CF3 /* TFStrings.h */ = {isa = PBXFileReference; fileEncoding = 4; lastKnownFileType = sourcecode.c.h; path = TFStrings.h; sourceTree = "<group>"; };
		A39D1CD717A47F4B001E9CF3 /* TFStrings.m */ = {isa = PBXFileReference; fileEncoding = 4; lastKnownFileType = sourcecode.c.objc; path = TFStrings.m; sourceTree = "<group>"; };
		A39D1CD817A47F4B001E9CF3 /* XMLDictionary.h */ = {isa = PBXFileReference; fileEncoding = 4; lastKnownFileType = sourcecode.c.h; path = XMLDictionary.h; sourceTree = "<group>"; };
		A39D1CD917A47F4B001E9CF3 /* XMLDictionary.m */ = {isa = PBXFileReference; fileEncoding = 4; lastKnownFileType = sourcecode.c.objc; path = XMLDictionary.m; sourceTree = "<group>"; };
		A39D1CDE17A47FA0001E9CF3 /* Parser.h */ = {isa = PBXFileReference; fileEncoding = 4; lastKnownFileType = sourcecode.c.h; path = Parser.h; sourceTree = "<group>"; };
		A39D1CDF17A47FA0001E9CF3 /* Parser.m */ = {isa = PBXFileReference; fileEncoding = 4; lastKnownFileType = sourcecode.c.objc; path = Parser.m; sourceTree = "<group>"; };
		A39D1CE117A4887D001E9CF3 /* MBProgressHUD.h */ = {isa = PBXFileReference; fileEncoding = 4; lastKnownFileType = sourcecode.c.h; path = MBProgressHUD.h; sourceTree = "<group>"; };
		A39D1CE217A4887D001E9CF3 /* MBProgressHUD.m */ = {isa = PBXFileReference; fileEncoding = 4; lastKnownFileType = sourcecode.c.objc; path = MBProgressHUD.m; sourceTree = "<group>"; };
		A39D1CE517A495F4001E9CF3 /* Regex.h */ = {isa = PBXFileReference; fileEncoding = 4; lastKnownFileType = sourcecode.c.h; path = Regex.h; sourceTree = "<group>"; };
		A39D1CE617A495F4001E9CF3 /* Regex.m */ = {isa = PBXFileReference; fileEncoding = 4; lastKnownFileType = sourcecode.c.objc; path = Regex.m; sourceTree = "<group>"; };
		A39D1CE917A4B0F4001E9CF3 /* RssCell.xib */ = {isa = PBXFileReference; fileEncoding = 4; lastKnownFileType = file.xib; path = RssCell.xib; sourceTree = "<group>"; };
		A39D1CEB17A4B143001E9CF3 /* RssCellCL.h */ = {isa = PBXFileReference; fileEncoding = 4; lastKnownFileType = sourcecode.c.h; path = RssCellCL.h; sourceTree = "<group>"; };
		A39D1CEC17A4B143001E9CF3 /* RssCellCL.m */ = {isa = PBXFileReference; fileEncoding = 4; lastKnownFileType = sourcecode.c.objc; path = RssCellCL.m; sourceTree = "<group>"; };
/* End PBXFileReference section */

/* Begin PBXFrameworksBuildPhase section */
		A39D1C7217A47E1F001E9CF3 /* Frameworks */ = {
			isa = PBXFrameworksBuildPhase;
			buildActionMask = 2147483647;
			files = (
				A39D1C7917A47E1F001E9CF3 /* UIKit.framework in Frameworks */,
				A39D1C7B17A47E1F001E9CF3 /* Foundation.framework in Frameworks */,
				A39D1C7D17A47E1F001E9CF3 /* CoreGraphics.framework in Frameworks */,
			);
			runOnlyForDeploymentPostprocessing = 0;
		};
		A39D1C9717A47E1F001E9CF3 /* Frameworks */ = {
			isa = PBXFrameworksBuildPhase;
			buildActionMask = 2147483647;
			files = (
				A39D1C9D17A47E1F001E9CF3 /* SenTestingKit.framework in Frameworks */,
				A39D1C9E17A47E1F001E9CF3 /* UIKit.framework in Frameworks */,
				A39D1C9F17A47E1F001E9CF3 /* Foundation.framework in Frameworks */,
			);
			runOnlyForDeploymentPostprocessing = 0;
		};
/* End PBXFrameworksBuildPhase section */

/* Begin PBXGroup section */
		A39D1C6C17A47E1F001E9CF3 = {
			isa = PBXGroup;
			children = (
				A39D1CE817A4B0D7001E9CF3 /* TableCell */,
				A39D1CE417A48881001E9CF3 /* LoadingIndicator */,
				A39D1CDD17A47F83001E9CF3 /* RssObject */,
				A39D1CD317A47EA7001E9CF3 /* XmlParser */,
				A39D1CB317A47E3C001E9CF3 /* Network */,
				A39D1C7E17A47E1F001E9CF3 /* YahooRssReader */,
				A39D1CA217A47E1F001E9CF3 /* YahooRssReaderTests */,
				A39D1C7717A47E1F001E9CF3 /* Frameworks */,
				A39D1C7617A47E1F001E9CF3 /* Products */,
			);
			sourceTree = "<group>";
		};
		A39D1C7617A47E1F001E9CF3 /* Products */ = {
			isa = PBXGroup;
			children = (
				A39D1C7517A47E1F001E9CF3 /* YahooRssReader.app */,
				A39D1C9B17A47E1F001E9CF3 /* YahooRssReaderTests.octest */,
			);
			name = Products;
			sourceTree = "<group>";
		};
		A39D1C7717A47E1F001E9CF3 /* Frameworks */ = {
			isa = PBXGroup;
			children = (
				A39D1C7817A47E1F001E9CF3 /* UIKit.framework */,
				A39D1C7A17A47E1F001E9CF3 /* Foundation.framework */,
				A39D1C7C17A47E1F001E9CF3 /* CoreGraphics.framework */,
				A39D1C9C17A47E1F001E9CF3 /* SenTestingKit.framework */,
			);
			name = Frameworks;
			sourceTree = "<group>";
		};
		A39D1C7E17A47E1F001E9CF3 /* YahooRssReader */ = {
			isa = PBXGroup;
			children = (
				A39D1C8717A47E1F001E9CF3 /* AppDelegate.h */,
				A39D1C8817A47E1F001E9CF3 /* AppDelegate.m */,
				A39D1C9017A47E1F001E9CF3 /* MainStoryboard.storyboard */,
				A39D1C9317A47E1F001E9CF3 /* ViewController.h */,
				A39D1C9417A47E1F001E9CF3 /* ViewController.m */,
				A39D1C7F17A47E1F001E9CF3 /* Supporting Files */,
			);
			path = YahooRssReader;
			sourceTree = "<group>";
		};
		A39D1C7F17A47E1F001E9CF3 /* Supporting Files */ = {
			isa = PBXGroup;
			children = (
				A39D1C8017A47E1F001E9CF3 /* YahooRssReader-Info.plist */,
				A39D1C8117A47E1F001E9CF3 /* InfoPlist.strings */,
				A39D1C8417A47E1F001E9CF3 /* main.m */,
				A39D1C8617A47E1F001E9CF3 /* YahooRssReader-Prefix.pch */,
				A39D1C8A17A47E1F001E9CF3 /* Default.png */,
				A39D1C8C17A47E1F001E9CF3 /* Default@2x.png */,
				A39D1C8E17A47E1F001E9CF3 /* Default-568h@2x.png */,
			);
			name = "Supporting Files";
			sourceTree = "<group>";
		};
		A39D1CA217A47E1F001E9CF3 /* YahooRssReaderTests */ = {
			isa = PBXGroup;
			children = (
				A39D1CA817A47E1F001E9CF3 /* YahooRssReaderTests.h */,
				A39D1CA917A47E1F001E9CF3 /* YahooRssReaderTests.m */,
				A39D1CA317A47E1F001E9CF3 /* Supporting Files */,
			);
			path = YahooRssReaderTests;
			sourceTree = "<group>";
		};
		A39D1CA317A47E1F001E9CF3 /* Supporting Files */ = {
			isa = PBXGroup;
			children = (
				A39D1CA417A47E1F001E9CF3 /* YahooRssReaderTests-Info.plist */,
				A39D1CA517A47E1F001E9CF3 /* InfoPlist.strings */,
			);
			name = "Supporting Files";
			sourceTree = "<group>";
		};
		A39D1CB317A47E3C001E9CF3 /* Network */ = {
			isa = PBXGroup;
			children = (
				A39D1CD617A47F4B001E9CF3 /* TFStrings.h */,
				A39D1CD717A47F4B001E9CF3 /* TFStrings.m */,
				A39D1CB417A47E97001E9CF3 /* AFHTTPClient.h */,
				A39D1CB517A47E97001E9CF3 /* AFHTTPClient.m */,
				A39D1CB617A47E97001E9CF3 /* AFHTTPRequestOperation.h */,
				A39D1CB717A47E97001E9CF3 /* AFHTTPRequestOperation.m */,
				A39D1CB817A47E97001E9CF3 /* AFImageRequestOperation.h */,
				A39D1CB917A47E97001E9CF3 /* AFImageRequestOperation.m */,
				A39D1CBA17A47E97001E9CF3 /* AFJSONRequestOperation.h */,
				A39D1CBB17A47E97001E9CF3 /* AFJSONRequestOperation.m */,
				A39D1CBC17A47E97001E9CF3 /* AFNetworkActivityIndicatorManager.h */,
				A39D1CBD17A47E97001E9CF3 /* AFNetworkActivityIndicatorManager.m */,
				A39D1CBE17A47E97001E9CF3 /* AFNetworking.h */,
				A39D1CBF17A47E97001E9CF3 /* AFPropertyListRequestOperation.h */,
				A39D1CC017A47E97001E9CF3 /* AFPropertyListRequestOperation.m */,
				A39D1CC117A47E97001E9CF3 /* AFURLConnectionOperation.h */,
				A39D1CC217A47E97001E9CF3 /* AFURLConnectionOperation.m */,
				A39D1CC317A47E97001E9CF3 /* AFXMLRequestOperation.h */,
				A39D1CC417A47E97001E9CF3 /* AFXMLRequestOperation.m */,
				A39D1CC517A47E97001E9CF3 /* TFNetwork.h */,
				A39D1CC617A47E97001E9CF3 /* TFNetwork.m */,
				A39D1CC717A47E97001E9CF3 /* UIImageView+AFNetworking.h */,
				A39D1CC817A47E97001E9CF3 /* UIImageView+AFNetworking.m */,
			);
			name = Network;
			sourceTree = "<group>";
		};
		A39D1CD317A47EA7001E9CF3 /* XmlParser */ = {
			isa = PBXGroup;
			children = (
				A39D1CE517A495F4001E9CF3 /* Regex.h */,
				A39D1CE617A495F4001E9CF3 /* Regex.m */,
				A39D1CD817A47F4B001E9CF3 /* XMLDictionary.h */,
				A39D1CD917A47F4B001E9CF3 /* XMLDictionary.m */,
				A39D1CDE17A47FA0001E9CF3 /* Parser.h */,
				A39D1CDF17A47FA0001E9CF3 /* Parser.m */,
			);
			name = XmlParser;
			sourceTree = "<group>";
		};
		A39D1CDD17A47F83001E9CF3 /* RssObject */ = {
			isa = PBXGroup;
			children = (
				A39D1CD417A47F4B001E9CF3 /* Entry.h */,
				A39D1CD517A47F4B001E9CF3 /* Entry.m */,
			);
			name = RssObject;
			sourceTree = "<group>";
		};
		A39D1CE417A48881001E9CF3 /* LoadingIndicator */ = {
			isa = PBXGroup;
			children = (
				A39D1CE117A4887D001E9CF3 /* MBProgressHUD.h */,
				A39D1CE217A4887D001E9CF3 /* MBProgressHUD.m */,
			);
			name = LoadingIndicator;
			sourceTree = "<group>";
		};
		A39D1CE817A4B0D7001E9CF3 /* TableCell */ = {
			isa = PBXGroup;
			children = (
				A39D1CE917A4B0F4001E9CF3 /* RssCell.xib */,
				A39D1CEB17A4B143001E9CF3 /* RssCellCL.h */,
				A39D1CEC17A4B143001E9CF3 /* RssCellCL.m */,
			);
			name = TableCell;
			sourceTree = "<group>";
		};
/* End PBXGroup section */

/* Begin PBXNativeTarget section */
		A39D1C7417A47E1F001E9CF3 /* YahooRssReader */ = {
			isa = PBXNativeTarget;
			buildConfigurationList = A39D1CAD17A47E1F001E9CF3 /* Build configuration list for PBXNativeTarget "YahooRssReader" */;
			buildPhases = (
				A39D1C7117A47E1F001E9CF3 /* Sources */,
				A39D1C7217A47E1F001E9CF3 /* Frameworks */,
				A39D1C7317A47E1F001E9CF3 /* Resources */,
			);
			buildRules = (
			);
			dependencies = (
			);
			name = YahooRssReader;
			productName = YahooRssReader;
			productReference = A39D1C7517A47E1F001E9CF3 /* YahooRssReader.app */;
			productType = "com.apple.product-type.application";
		};
		A39D1C9A17A47E1F001E9CF3 /* YahooRssReaderTests */ = {
			isa = PBXNativeTarget;
			buildConfigurationList = A39D1CB017A47E1F001E9CF3 /* Build configuration list for PBXNativeTarget "YahooRssReaderTests" */;
			buildPhases = (
				A39D1C9617A47E1F001E9CF3 /* Sources */,
				A39D1C9717A47E1F001E9CF3 /* Frameworks */,
				A39D1C9817A47E1F001E9CF3 /* Resources */,
				A39D1C9917A47E1F001E9CF3 /* ShellScript */,
			);
			buildRules = (
			);
			dependencies = (
				A39D1CA117A47E1F001E9CF3 /* PBXTargetDependency */,
			);
			name = YahooRssReaderTests;
			productName = YahooRssReaderTests;
			productReference = A39D1C9B17A47E1F001E9CF3 /* YahooRssReaderTests.octest */;
			productType = "com.apple.product-type.bundle";
		};
/* End PBXNativeTarget section */

/* Begin PBXProject section */
		A39D1C6D17A47E1F001E9CF3 /* Project object */ = {
			isa = PBXProject;
			attributes = {
				LastUpgradeCheck = 0460;
				ORGANIZATIONNAME = "aybek can kaya";
			};
			buildConfigurationList = A39D1C7017A47E1F001E9CF3 /* Build configuration list for PBXProject "YahooRssReader" */;
			compatibilityVersion = "Xcode 3.2";
			developmentRegion = English;
			hasScannedForEncodings = 0;
			knownRegions = (
				en,
			);
			mainGroup = A39D1C6C17A47E1F001E9CF3;
			productRefGroup = A39D1C7617A47E1F001E9CF3 /* Products */;
			projectDirPath = "";
			projectRoot = "";
			targets = (
				A39D1C7417A47E1F001E9CF3 /* YahooRssReader */,
				A39D1C9A17A47E1F001E9CF3 /* YahooRssReaderTests */,
			);
		};
/* End PBXProject section */

/* Begin PBXResourcesBuildPhase section */
		A39D1C7317A47E1F001E9CF3 /* Resources */ = {
			isa = PBXResourcesBuildPhase;
			buildActionMask = 2147483647;
			files = (
				A39D1C8317A47E1F001E9CF3 /* InfoPlist.strings in Resources */,
				A39D1C8B17A47E1F001E9CF3 /* Default.png in Resources */,
				A39D1C8D17A47E1F001E9CF3 /* Default@2x.png in Resources */,
				A39D1C8F17A47E1F001E9CF3 /* Default-568h@2x.png in Resources */,
				A39D1C9217A47E1F001E9CF3 /* MainStoryboard.storyboard in Resources */,
				A39D1CEA17A4B0F4001E9CF3 /* RssCell.xib in Resources */,
			);
			runOnlyForDeploymentPostprocessing = 0;
		};
		A39D1C9817A47E1F001E9CF3 /* Resources */ = {
			isa = PBXResourcesBuildPhase;
			buildActionMask = 2147483647;
			files = (
				A39D1CA717A47E1F001E9CF3 /* InfoPlist.strings in Resources */,
			);
			runOnlyForDeploymentPostprocessing = 0;
		};
/* End PBXResourcesBuildPhase section */

/* Begin PBXShellScriptBuildPhase section */
		A39D1C9917A47E1F001E9CF3 /* ShellScript */ = {
			isa = PBXShellScriptBuildPhase;
			buildActionMask = 2147483647;
			files = (
			);
			inputPaths = (
			);
			outputPaths = (
			);
			runOnlyForDeploymentPostprocessing = 0;
			shellPath = /bin/sh;
			shellScript = "# Run the unit tests in this test bundle.\n\"${SYSTEM_DEVELOPER_DIR}/Tools/RunUnitTests\"\n";
		};
/* End PBXShellScriptBuildPhase section */

/* Begin PBXSourcesBuildPhase section */
		A39D1C7117A47E1F001E9CF3 /* Sources */ = {
			isa = PBXSourcesBuildPhase;
			buildActionMask = 2147483647;
			files = (
				A39D1C8517A47E1F001E9CF3 /* main.m in Sources */,
				A39D1C8917A47E1F001E9CF3 /* AppDelegate.m in Sources */,
				A39D1C9517A47E1F001E9CF3 /* ViewController.m in Sources */,
				A39D1CC917A47E97001E9CF3 /* AFHTTPClient.m in Sources */,
				A39D1CCA17A47E97001E9CF3 /* AFHTTPRequestOperation.m in Sources */,
				A39D1CCB17A47E97001E9CF3 /* AFImageRequestOperation.m in Sources */,
				A39D1CCC17A47E97001E9CF3 /* AFJSONRequestOperation.m in Sources */,
				A39D1CCD17A47E97001E9CF3 /* AFNetworkActivityIndicatorManager.m in Sources */,
				A39D1CCE17A47E97001E9CF3 /* AFPropertyListRequestOperation.m in Sources */,
				A39D1CCF17A47E97001E9CF3 /* AFURLConnectionOperation.m in Sources */,
				A39D1CD017A47E97001E9CF3 /* AFXMLRequestOperation.m in Sources */,
				A39D1CD117A47E97001E9CF3 /* TFNetwork.m in Sources */,
				A39D1CD217A47E97001E9CF3 /* UIImageView+AFNetworking.m in Sources */,
				A39D1CDA17A47F4B001E9CF3 /* Entry.m in Sources */,
				A39D1CDB17A47F4B001E9CF3 /* TFStrings.m in Sources */,
				A39D1CDC17A47F4B001E9CF3 /* XMLDictionary.m in Sources */,
				A39D1CE017A47FA0001E9CF3 /* Parser.m in Sources */,
				A39D1CE317A4887D001E9CF3 /* MBProgressHUD.m in Sources */,
				A39D1CE717A495F4001E9CF3 /* Regex.m in Sources */,
				A39D1CED17A4B143001E9CF3 /* RssCellCL.m in Sources */,
			);
			runOnlyForDeploymentPostprocessing = 0;
		};
		A39D1C9617A47E1F001E9CF3 /* Sources */ = {
			isa = PBXSourcesBuildPhase;
			buildActionMask = 2147483647;
			files = (
				A39D1CAA17A47E1F001E9CF3 /* YahooRssReaderTests.m in Sources */,
			);
			runOnlyForDeploymentPostprocessing = 0;
		};
/* End PBXSourcesBuildPhase section */

/* Begin PBXTargetDependency section */
		A39D1CA117A47E1F001E9CF3 /* PBXTargetDependency */ = {
			isa = PBXTargetDependency;
			target = A39D1C7417A47E1F001E9CF3 /* YahooRssReader */;
			targetProxy = A39D1CA017A47E1F001E9CF3 /* PBXContainerItemProxy */;
		};
/* End PBXTargetDependency section */

/* Begin PBXVariantGroup section */
		A39D1C8117A47E1F001E9CF3 /* InfoPlist.strings */ = {
			isa = PBXVariantGroup;
			children = (
				A39D1C8217A47E1F001E9CF3 /* en */,
			);
			name = InfoPlist.strings;
			sourceTree = "<group>";
		};
		A39D1C9017A47E1F001E9CF3 /* MainStoryboard.storyboard */ = {
			isa = PBXVariantGroup;
			children = (
				A39D1C9117A47E1F001E9CF3 /* en */,
			);
			name = MainStoryboard.storyboard;
			sourceTree = "<group>";
		};
		A39D1CA517A47E1F001E9CF3 /* InfoPlist.strings */ = {
			isa = PBXVariantGroup;
			children = (
				A39D1CA617A47E1F001E9CF3 /* en */,
			);
			name = InfoPlist.strings;
			sourceTree = "<group>";
		};
/* End PBXVariantGroup section */

/* Begin XCBuildConfiguration section */
		A39D1CAB17A47E1F001E9CF3 /* Debug */ = {
			isa = XCBuildConfiguration;
			buildSettings = {
				ALWAYS_SEARCH_USER_PATHS = NO;
				CLANG_CXX_LANGUAGE_STANDARD = "gnu++0x";
				CLANG_CXX_LIBRARY = "libc++";
				CLANG_ENABLE_OBJC_ARC = YES;
				CLANG_WARN_CONSTANT_CONVERSION = YES;
				CLANG_WARN_EMPTY_BODY = YES;
				CLANG_WARN_ENUM_CONVERSION = YES;
				CLANG_WARN_INT_CONVERSION = YES;
				CLANG_WARN__DUPLICATE_METHOD_MATCH = YES;
				"CODE_SIGN_IDENTITY[sdk=iphoneos*]" = "iPhone Developer";
				COPY_PHASE_STRIP = NO;
				GCC_C_LANGUAGE_STANDARD = gnu99;
				GCC_DYNAMIC_NO_PIC = NO;
				GCC_OPTIMIZATION_LEVEL = 0;
				GCC_PREPROCESSOR_DEFINITIONS = (
					"DEBUG=1",
					"$(inherited)",
				);
				GCC_SYMBOLS_PRIVATE_EXTERN = NO;
				GCC_WARN_ABOUT_RETURN_TYPE = YES;
				GCC_WARN_UNINITIALIZED_AUTOS = YES;
				GCC_WARN_UNUSED_VARIABLE = YES;
				IPHONEOS_DEPLOYMENT_TARGET = 6.1;
				ONLY_ACTIVE_ARCH = YES;
				SDKROOT = iphoneos;
			};
			name = Debug;
		};
		A39D1CAC17A47E1F001E9CF3 /* Release */ = {
			isa = XCBuildConfiguration;
			buildSettings = {
				ALWAYS_SEARCH_USER_PATHS = NO;
				CLANG_CXX_LANGUAGE_STANDARD = "gnu++0x";
				CLANG_CXX_LIBRARY = "libc++";
				CLANG_ENABLE_OBJC_ARC = YES;
				CLANG_WARN_CONSTANT_CONVERSION = YES;
				CLANG_WARN_EMPTY_BODY = YES;
				CLANG_WARN_ENUM_CONVERSION = YES;
				CLANG_WARN_INT_CONVERSION = YES;
				CLANG_WARN__DUPLICATE_METHOD_MATCH = YES;
				"CODE_SIGN_IDENTITY[sdk=iphoneos*]" = "iPhone Developer";
				COPY_PHASE_STRIP = YES;
				GCC_C_LANGUAGE_STANDARD = gnu99;
				GCC_WARN_ABOUT_RETURN_TYPE = YES;
				GCC_WARN_UNINITIALIZED_AUTOS = YES;
				GCC_WARN_UNUSED_VARIABLE = YES;
				IPHONEOS_DEPLOYMENT_TARGET = 6.1;
				OTHER_CFLAGS = "-DNS_BLOCK_ASSERTIONS=1";
				SDKROOT = iphoneos;
				VALIDATE_PRODUCT = YES;
			};
			name = Release;
		};
		A39D1CAE17A47E1F001E9CF3 /* Debug */ = {
			isa = XCBuildConfiguration;
			buildSettings = {
				GCC_PRECOMPILE_PREFIX_HEADER = YES;
				GCC_PREFIX_HEADER = "YahooRssReader/YahooRssReader-Prefix.pch";
				INFOPLIST_FILE = "YahooRssReader/YahooRssReader-Info.plist";
				PRODUCT_NAME = "$(TARGET_NAME)";
				WRAPPER_EXTENSION = app;
			};
			name = Debug;
		};
		A39D1CAF17A47E1F001E9CF3 /* Release */ = {
			isa = XCBuildConfiguration;
			buildSettings = {
				GCC_PRECOMPILE_PREFIX_HEADER = YES;
				GCC_PREFIX_HEADER = "YahooRssReader/YahooRssReader-Prefix.pch";
				INFOPLIST_FILE = "YahooRssReader/YahooRssReader-Info.plist";
				PRODUCT_NAME = "$(TARGET_NAME)";
				WRAPPER_EXTENSION = app;
			};
			name = Release;
		};
		A39D1CB117A47E1F001E9CF3 /* Debug */ = {
			isa = XCBuildConfiguration;
			buildSettings = {
				BUNDLE_LOADER = "$(BUILT_PRODUCTS_DIR)/YahooRssReader.app/YahooRssReader";
				FRAMEWORK_SEARCH_PATHS = (
					"\"$(SDKROOT)/Developer/Library/Frameworks\"",
					"\"$(DEVELOPER_LIBRARY_DIR)/Frameworks\"",
				);
				GCC_PRECOMPILE_PREFIX_HEADER = YES;
				GCC_PREFIX_HEADER = "YahooRssReader/YahooRssReader-Prefix.pch";
				INFOPLIST_FILE = "YahooRssReaderTests/YahooRssReaderTests-Info.plist";
				PRODUCT_NAME = "$(TARGET_NAME)";
				TEST_HOST = "$(BUNDLE_LOADER)";
				WRAPPER_EXTENSION = octest;
			};
			name = Debug;
		};
		A39D1CB217A47E1F001E9CF3 /* Release */ = {
			isa = XCBuildConfiguration;
			buildSettings = {
				BUNDLE_LOADER = "$(BUILT_PRODUCTS_DIR)/YahooRssReader.app/YahooRssReader";
				FRAMEWORK_SEARCH_PATHS = (
					"\"$(SDKROOT)/Developer/Library/Frameworks\"",
					"\"$(DEVELOPER_LIBRARY_DIR)/Frameworks\"",
				);
				GCC_PRECOMPILE_PREFIX_HEADER = YES;
				GCC_PREFIX_HEADER = "YahooRssReader/YahooRssReader-Prefix.pch";
				INFOPLIST_FILE = "YahooRssReaderTests/YahooRssReaderTests-Info.plist";
				PRODUCT_NAME = "$(TARGET_NAME)";
				TEST_HOST = "$(BUNDLE_LOADER)";
				WRAPPER_EXTENSION = octest;
			};
			name = Release;
		};
/* End XCBuildConfiguration section */

/* Begin XCConfigurationList section */
		A39D1C7017A47E1F001E9CF3 /* Build configuration list for PBXProject "YahooRssReader" */ = {
			isa = XCConfigurationList;
			buildConfigurations = (
				A39D1CAB17A47E1F001E9CF3 /* Debug */,
				A39D1CAC17A47E1F001E9CF3 /* Release */,
			);
			defaultConfigurationIsVisible = 0;
			defaultConfigurationName = Release;
		};
		A39D1CAD17A47E1F001E9CF3 /* Build configuration list for PBXNativeTarget "YahooRssReader" */ = {
			isa = XCConfigurationList;
			buildConfigurations = (
				A39D1CAE17A47E1F001E9CF3 /* Debug */,
				A39D1CAF17A47E1F001E9CF3 /* Release */,
			);
			defaultConfigurationIsVisible = 0;
		};
		A39D1CB017A47E1F001E9CF3 /* Build configuration list for PBXNativeTarget "YahooRssReaderTests" */ = {
			isa = XCConfigurationList;
			buildConfigurations = (
				A39D1CB117A47E1F001E9CF3 /* Debug */,
				A39D1CB217A47E1F001E9CF3 /* Release */,
			);
			defaultConfigurationIsVisible = 0;
		};
/* End XCConfigurationList section */
	};
	rootObject = A39D1C6D17A47E1F001E9CF3 /* Project object */;
}
